
Microsoft Visual Studio Solution File, Format Version 12.00
# Visual Studio 15
VisualStudioVersion = 15.0.28307.136
MinimumVisualStudioVersion = 10.0.40219.1
Project("{FAE04EC0-301F-11D3-BF4B-00C04F79EFBC}") = "AutoQuest", "AutoQuest\AutoQuest.csproj", "{1E4B6EB5-CDAA-48CF-B6CE-17B37D433D64}"
EndProject
Global
	GlobalSection(SolutionConfigurationPlatforms) = preSolution
		Debug|x86 = Debug|x86
		Release|x86 = Release|x86
	EndGlobalSection
	GlobalSection(ProjectConfigurationPlatforms) = postSolution
		{1E4B6EB5-CDAA-48CF-B6CE-17B37D433D64}.Debug|x86.ActiveCfg = Debug|x86
		{1E4B6EB5-CDAA-48CF-B6CE-17B37D433D64}.Debug|x86.Build.0 = Debug|x86
		{1E4B6EB5-CDAA-48CF-B6CE-17B37D433D64}.Release|x86.ActiveCfg = Release|x86
		{1E4B6EB5-CDAA-48CF-B6CE-17B37D433D64}.Release|x86.Build.0 = Release|x86
	EndGlobalSection
	GlobalSection(SolutionProperties) = preSolution
		HideSolutionNode = FALSE
	EndGlobalSection
	GlobalSection(ExtensibilityGlobals) = postSolution
		SolutionGuid = {8C021911-582C-48DC-892E-7DE514D37B8D}
	EndGlobalSection
EndGlobal
